
Microsoft Visual Studio Solution File, Format Version 12.00
Project("{FAE04EC0-301F-11D3-BF4B-00C04F79EFBC}") = "API", "API\API.csproj", "{31A8D50E-E0AB-41C5-9ECB-1A187151899D}"
EndProject
Project("{FAE04EC0-301F-11D3-BF4B-00C04F79EFBC}") = "Persistence", "Persistence\Persistence.csproj", "{579E0FA4-DFFC-4C6F-B55D-C3574F447151}"
EndProject
Project("{FAE04EC0-301F-11D3-BF4B-00C04F79EFBC}") = "Application", "Application\Application.csproj", "{702A4999-BE50-4ACC-B9BF-A70D371C4796}"
EndProject
Project("{FAE04EC0-301F-11D3-BF4B-00C04F79EFBC}") = "Domain", "Domain\Domain.csproj", "{67457971-B8C0-4B4A-8AD1-5EBA6FE58625}"
EndProject
Project("{FAE04EC0-301F-11D3-BF4B-00C04F79EFBC}") = "Contracts", "Contracts\Contracts.csproj", "{875CF18D-3526-4069-8981-359E119593D3}"
EndProject
Global
	GlobalSection(SolutionConfigurationPlatforms) = preSolution
		Debug|Any CPU = Debug|Any CPU
		Release|Any CPU = Release|Any CPU
	EndGlobalSection
	GlobalSection(ProjectConfigurationPlatforms) = postSolution
		{31A8D50E-E0AB-41C5-9ECB-1A187151899D}.Debug|Any CPU.ActiveCfg = Debug|Any CPU
		{31A8D50E-E0AB-41C5-9ECB-1A187151899D}.Debug|Any CPU.Build.0 = Debug|Any CPU
		{31A8D50E-E0AB-41C5-9ECB-1A187151899D}.Release|Any CPU.ActiveCfg = Release|Any CPU
		{31A8D50E-E0AB-41C5-9ECB-1A187151899D}.Release|Any CPU.Build.0 = Release|Any CPU
		{579E0FA4-DFFC-4C6F-B55D-C3574F447151}.Debug|Any CPU.ActiveCfg = Debug|Any CPU
		{579E0FA4-DFFC-4C6F-B55D-C3574F447151}.Debug|Any CPU.Build.0 = Debug|Any CPU
		{579E0FA4-DFFC-4C6F-B55D-C3574F447151}.Release|Any CPU.ActiveCfg = Release|Any CPU
		{579E0FA4-DFFC-4C6F-B55D-C3574F447151}.Release|Any CPU.Build.0 = Release|Any CPU
		{702A4999-BE50-4ACC-B9BF-A70D371C4796}.Debug|Any CPU.ActiveCfg = Debug|Any CPU
		{702A4999-BE50-4ACC-B9BF-A70D371C4796}.Debug|Any CPU.Build.0 = Debug|Any CPU
		{702A4999-BE50-4ACC-B9BF-A70D371C4796}.Release|Any CPU.ActiveCfg = Release|Any CPU
		{702A4999-BE50-4ACC-B9BF-A70D371C4796}.Release|Any CPU.Build.0 = Release|Any CPU
		{67457971-B8C0-4B4A-8AD1-5EBA6FE58625}.Debug|Any CPU.ActiveCfg = Debug|Any CPU
		{67457971-B8C0-4B4A-8AD1-5EBA6FE58625}.Debug|Any CPU.Build.0 = Debug|Any CPU
		{67457971-B8C0-4B4A-8AD1-5EBA6FE58625}.Release|Any CPU.ActiveCfg = Release|Any CPU
		{67457971-B8C0-4B4A-8AD1-5EBA6FE58625}.Release|Any CPU.Build.0 = Release|Any CPU
		{875CF18D-3526-4069-8981-359E119593D3}.Debug|Any CPU.ActiveCfg = Debug|Any CPU
		{875CF18D-3526-4069-8981-359E119593D3}.Debug|Any CPU.Build.0 = Debug|Any CPU
		{875CF18D-3526-4069-8981-359E119593D3}.Release|Any CPU.ActiveCfg = Release|Any CPU
		{875CF18D-3526-4069-8981-359E119593D3}.Release|Any CPU.Build.0 = Release|Any CPU
	EndGlobalSection
EndGlobal
